
Microsoft Visual Studio Solution File, Format Version 12.00
# Visual Studio Version 17
VisualStudioVersion = 17.4.33205.214
MinimumVisualStudioVersion = 15.0.26124.0
Project("{2150E333-8FDC-42A3-9474-1A3956D46DE8}") = "src", "src", "{1543FBCA-7431-44FB-ACDC-93BD1AD6B545}"
EndProject
Project("{2150E333-8FDC-42A3-9474-1A3956D46DE8}") = "test", "test", "{25BA0F94-6A86-4C2A-A476-24F80369860E}"
EndProject
Project("{9A19103F-16F7-4668-BE54-9A1E7A4F7556}") = "ProductConfigurator.UnitTests", "test\ProductConfigurator.UnitTests\ProductConfigurator.UnitTests.csproj", "{65BD506D-DC66-4CC1-B10A-6C8C27938FAB}"
EndProject
Project("{9A19103F-16F7-4668-BE54-9A1E7A4F7556}") = "ProductConfigurator.FunctionalTests", "test\ProductConfigurator.FunctionalTests\ProductConfigurator.FunctionalTests.csproj", "{5DD31626-8FA1-41F7-B7D0-C02E90ACB5B5}"
EndProject
Project("{2150E333-8FDC-42A3-9474-1A3956D46DE8}") = "build", "build", "{C4A9C6E2-0D6D-47F6-81FF-B194EA7C84BF}"
	ProjectSection(SolutionItems) = preProject
		build\dependencies.props = build\dependencies.props
	EndProjectSection
EndProject
Project("{2150E333-8FDC-42A3-9474-1A3956D46DE8}") = "_", "_", "{6369FA8E-79E5-4E1A-B359-31C548FC396B}"
	ProjectSection(SolutionItems) = preProject
		.editorconfig = .editorconfig
		.gitignore = .gitignore
		Directory.Build.props = Directory.Build.props
		Directory.Packages.props = Directory.Packages.props
		.config\dotnet-tools.json = .config\dotnet-tools.json
		global.json = global.json
		README.md = README.md
	EndProjectSection
EndProject
Project("{2150E333-8FDC-42A3-9474-1A3956D46DE8}") = "pipelines", "pipelines", "{FAA45DFE-6715-47F3-A2E0-DE2C9C84B9E4}"
	ProjectSection(SolutionItems) = preProject
		.github\workflows\ci-cd.yaml = .github\workflows\ci-cd.yaml
		.github\workflows\development.yaml = .github\workflows\development.yaml
		.github\workflows\production.yaml = .github\workflows\production.yaml
	EndProjectSection
EndProject
Project("{2150E333-8FDC-42A3-9474-1A3956D46DE8}") = "Infrastructure", "Infrastructure", "{0A11150E-8EB7-4C86-99DD-6580E6B903B8}"
EndProject
Project("{9A19103F-16F7-4668-BE54-9A1E7A4F7556}") = "ProductConfigurator.Mailer", "src\Infrastructure\ProductConfigurator.Mailer\ProductConfigurator.Mailer.csproj", "{18D3E975-7E3A-45C7-A683-61559BFE236A}"
EndProject
Project("{2150E333-8FDC-42A3-9474-1A3956D46DE8}") = "Application", "Application", "{5FA75070-9758-4747-A580-54B9B91F785C}"
EndProject
Project("{2150E333-8FDC-42A3-9474-1A3956D46DE8}") = "Web", "Web", "{FDE4FB4B-0254-4473-84FF-F9EFDF1331F4}"
EndProject
Project("{9A19103F-16F7-4668-BE54-9A1E7A4F7556}") = "ProductConfigurator.Core", "src\Application\ProductConfigurator.Core\ProductConfigurator.Core.csproj", "{3D3CAD0F-95CB-4AF3-8BC7-4479591167EC}"
EndProject
Project("{9A19103F-16F7-4668-BE54-9A1E7A4F7556}") = "ProductConfigurator.Domain", "src\Application\ProductConfigurator.Domain\ProductConfigurator.Domain.csproj", "{B9FB91EA-1D88-4B54-973A-E955B60E021E}"
EndProject
Project("{9A19103F-16F7-4668-BE54-9A1E7A4F7556}") = "ProductConfigurator.Shared", "src\Application\ProductConfigurator.Shared\ProductConfigurator.Shared.csproj", "{87F830D3-EB7E-46F1-AC40-EDA2C10F798D}"
EndProject
Project("{9A19103F-16F7-4668-BE54-9A1E7A4F7556}") = "ProductConfigurator.Host", "src\Web\ProductConfigurator.Host\ProductConfigurator.Host.csproj", "{699AD956-170B-423C-9043-BAE3A6FFBBA1}"
EndProject
Project("{9A19103F-16F7-4668-BE54-9A1E7A4F7556}") = "ProductConfigurator.Blazor", "src\Web\ProductConfigurator.Blazor\ProductConfigurator.Blazor.csproj", "{81FA8B77-54E3-486F-ABB4-C57255FC3382}"
EndProject
Project("{9A19103F-16F7-4668-BE54-9A1E7A4F7556}") = "ProductConfigurator.EntityFramework", "src\Infrastructure\ProductConfigurator.EntityFramework\ProductConfigurator.EntityFramework.csproj", "{5124021F-0ECE-4812-A733-4DE0781C87A8}"
EndProject
Project("{FAE04EC0-301F-11D3-BF4B-00C04F79EFBC}") = "ProductConfigurator.Client", "src\Web\ProductConfigurator.Client\ProductConfigurator.Client.csproj", "{C9664856-D77C-4657-9AFB-C7F53C7142AD}"
EndProject
Global
	GlobalSection(SolutionConfigurationPlatforms) = preSolution
		Debug|Any CPU = Debug|Any CPU
		Debug|x64 = Debug|x64
		Debug|x86 = Debug|x86
		Release|Any CPU = Release|Any CPU
		Release|x64 = Release|x64
		Release|x86 = Release|x86
	EndGlobalSection
	GlobalSection(ProjectConfigurationPlatforms) = postSolution
		{65BD506D-DC66-4CC1-B10A-6C8C27938FAB}.Debug|Any CPU.ActiveCfg = Debug|Any CPU
		{65BD506D-DC66-4CC1-B10A-6C8C27938FAB}.Debug|Any CPU.Build.0 = Debug|Any CPU
		{65BD506D-DC66-4CC1-B10A-6C8C27938FAB}.Debug|x64.ActiveCfg = Debug|Any CPU
		{65BD506D-DC66-4CC1-B10A-6C8C27938FAB}.Debug|x64.Build.0 = Debug|Any CPU
		{65BD506D-DC66-4CC1-B10A-6C8C27938FAB}.Debug|x86.ActiveCfg = Debug|Any CPU
		{65BD506D-DC66-4CC1-B10A-6C8C27938FAB}.Debug|x86.Build.0 = Debug|Any CPU
		{65BD506D-DC66-4CC1-B10A-6C8C27938FAB}.Release|Any CPU.ActiveCfg = Release|Any CPU
		{65BD506D-DC66-4CC1-B10A-6C8C27938FAB}.Release|Any CPU.Build.0 = Release|Any CPU
		{65BD506D-DC66-4CC1-B10A-6C8C27938FAB}.Release|x64.ActiveCfg = Release|Any CPU
		{65BD506D-DC66-4CC1-B10A-6C8C27938FAB}.Release|x64.Build.0 = Release|Any CPU
		{65BD506D-DC66-4CC1-B10A-6C8C27938FAB}.Release|x86.ActiveCfg = Release|Any CPU
		{65BD506D-DC66-4CC1-B10A-6C8C27938FAB}.Release|x86.Build.0 = Release|Any CPU
		{5DD31626-8FA1-41F7-B7D0-C02E90ACB5B5}.Debug|Any CPU.ActiveCfg = Debug|Any CPU
		{5DD31626-8FA1-41F7-B7D0-C02E90ACB5B5}.Debug|Any CPU.Build.0 = Debug|Any CPU
		{5DD31626-8FA1-41F7-B7D0-C02E90ACB5B5}.Debug|x64.ActiveCfg = Debug|Any CPU
		{5DD31626-8FA1-41F7-B7D0-C02E90ACB5B5}.Debug|x64.Build.0 = Debug|Any CPU
		{5DD31626-8FA1-41F7-B7D0-C02E90ACB5B5}.Debug|x86.ActiveCfg = Debug|Any CPU
		{5DD31626-8FA1-41F7-B7D0-C02E90ACB5B5}.Debug|x86.Build.0 = Debug|Any CPU
		{5DD31626-8FA1-41F7-B7D0-C02E90ACB5B5}.Release|Any CPU.ActiveCfg = Release|Any CPU
		{5DD31626-8FA1-41F7-B7D0-C02E90ACB5B5}.Release|Any CPU.Build.0 = Release|Any CPU
		{5DD31626-8FA1-41F7-B7D0-C02E90ACB5B5}.Release|x64.ActiveCfg = Release|Any CPU
		{5DD31626-8FA1-41F7-B7D0-C02E90ACB5B5}.Release|x64.Build.0 = Release|Any CPU
		{5DD31626-8FA1-41F7-B7D0-C02E90ACB5B5}.Release|x86.ActiveCfg = Release|Any CPU
		{5DD31626-8FA1-41F7-B7D0-C02E90ACB5B5}.Release|x86.Build.0 = Release|Any CPU
		{18D3E975-7E3A-45C7-A683-61559BFE236A}.Debug|Any CPU.ActiveCfg = Debug|Any CPU
		{18D3E975-7E3A-45C7-A683-61559BFE236A}.Debug|Any CPU.Build.0 = Debug|Any CPU
		{18D3E975-7E3A-45C7-A683-61559BFE236A}.Debug|x64.ActiveCfg = Debug|Any CPU
		{18D3E975-7E3A-45C7-A683-61559BFE236A}.Debug|x64.Build.0 = Debug|Any CPU
		{18D3E975-7E3A-45C7-A683-61559BFE236A}.Debug|x86.ActiveCfg = Debug|Any CPU
		{18D3E975-7E3A-45C7-A683-61559BFE236A}.Debug|x86.Build.0 = Debug|Any CPU
		{18D3E975-7E3A-45C7-A683-61559BFE236A}.Release|Any CPU.ActiveCfg = Release|Any CPU
		{18D3E975-7E3A-45C7-A683-61559BFE236A}.Release|Any CPU.Build.0 = Release|Any CPU
		{18D3E975-7E3A-45C7-A683-61559BFE236A}.Release|x64.ActiveCfg = Release|Any CPU
		{18D3E975-7E3A-45C7-A683-61559BFE236A}.Release|x64.Build.0 = Release|Any CPU
		{18D3E975-7E3A-45C7-A683-61559BFE236A}.Release|x86.ActiveCfg = Release|Any CPU
		{18D3E975-7E3A-45C7-A683-61559BFE236A}.Release|x86.Build.0 = Release|Any CPU
		{3D3CAD0F-95CB-4AF3-8BC7-4479591167EC}.Debug|Any CPU.ActiveCfg = Debug|Any CPU
		{3D3CAD0F-95CB-4AF3-8BC7-4479591167EC}.Debug|Any CPU.Build.0 = Debug|Any CPU
		{3D3CAD0F-95CB-4AF3-8BC7-4479591167EC}.Debug|x64.ActiveCfg = Debug|Any CPU
		{3D3CAD0F-95CB-4AF3-8BC7-4479591167EC}.Debug|x64.Build.0 = Debug|Any CPU
		{3D3CAD0F-95CB-4AF3-8BC7-4479591167EC}.Debug|x86.ActiveCfg = Debug|Any CPU
		{3D3CAD0F-95CB-4AF3-8BC7-4479591167EC}.Debug|x86.Build.0 = Debug|Any CPU
		{3D3CAD0F-95CB-4AF3-8BC7-4479591167EC}.Release|Any CPU.ActiveCfg = Release|Any CPU
		{3D3CAD0F-95CB-4AF3-8BC7-4479591167EC}.Release|Any CPU.Build.0 = Release|Any CPU
		{3D3CAD0F-95CB-4AF3-8BC7-4479591167EC}.Release|x64.ActiveCfg = Release|Any CPU
		{3D3CAD0F-95CB-4AF3-8BC7-4479591167EC}.Release|x64.Build.0 = Release|Any CPU
		{3D3CAD0F-95CB-4AF3-8BC7-4479591167EC}.Release|x86.ActiveCfg = Release|Any CPU
		{3D3CAD0F-95CB-4AF3-8BC7-4479591167EC}.Release|x86.Build.0 = Release|Any CPU
		{B9FB91EA-1D88-4B54-973A-E955B60E021E}.Debug|Any CPU.ActiveCfg = Debug|Any CPU
		{B9FB91EA-1D88-4B54-973A-E955B60E021E}.Debug|Any CPU.Build.0 = Debug|Any CPU
		{B9FB91EA-1D88-4B54-973A-E955B60E021E}.Debug|x64.ActiveCfg = Debug|Any CPU
		{B9FB91EA-1D88-4B54-973A-E955B60E021E}.Debug|x64.Build.0 = Debug|Any CPU
		{B9FB91EA-1D88-4B54-973A-E955B60E021E}.Debug|x86.ActiveCfg = Debug|Any CPU
		{B9FB91EA-1D88-4B54-973A-E955B60E021E}.Debug|x86.Build.0 = Debug|Any CPU
		{B9FB91EA-1D88-4B54-973A-E955B60E021E}.Release|Any CPU.ActiveCfg = Release|Any CPU
		{B9FB91EA-1D88-4B54-973A-E955B60E021E}.Release|Any CPU.Build.0 = Release|Any CPU
		{B9FB91EA-1D88-4B54-973A-E955B60E021E}.Release|x64.ActiveCfg = Release|Any CPU
		{B9FB91EA-1D88-4B54-973A-E955B60E021E}.Release|x64.Build.0 = Release|Any CPU
		{B9FB91EA-1D88-4B54-973A-E955B60E021E}.Release|x86.ActiveCfg = Release|Any CPU
		{B9FB91EA-1D88-4B54-973A-E955B60E021E}.Release|x86.Build.0 = Release|Any CPU
		{87F830D3-EB7E-46F1-AC40-EDA2C10F798D}.Debug|Any CPU.ActiveCfg = Debug|Any CPU
		{87F830D3-EB7E-46F1-AC40-EDA2C10F798D}.Debug|Any CPU.Build.0 = Debug|Any CPU
		{87F830D3-EB7E-46F1-AC40-EDA2C10F798D}.Debug|x64.ActiveCfg = Debug|Any CPU
		{87F830D3-EB7E-46F1-AC40-EDA2C10F798D}.Debug|x64.Build.0 = Debug|Any CPU
		{87F830D3-EB7E-46F1-AC40-EDA2C10F798D}.Debug|x86.ActiveCfg = Debug|Any CPU
		{87F830D3-EB7E-46F1-AC40-EDA2C10F798D}.Debug|x86.Build.0 = Debug|Any CPU
		{87F830D3-EB7E-46F1-AC40-EDA2C10F798D}.Release|Any CPU.ActiveCfg = Release|Any CPU
		{87F830D3-EB7E-46F1-AC40-EDA2C10F798D}.Release|Any CPU.Build.0 = Release|Any CPU
		{87F830D3-EB7E-46F1-AC40-EDA2C10F798D}.Release|x64.ActiveCfg = Release|Any CPU
		{87F830D3-EB7E-46F1-AC40-EDA2C10F798D}.Release|x64.Build.0 = Release|Any CPU
		{87F830D3-EB7E-46F1-AC40-EDA2C10F798D}.Release|x86.ActiveCfg = Release|Any CPU
		{87F830D3-EB7E-46F1-AC40-EDA2C10F798D}.Release|x86.Build.0 = Release|Any CPU
		{699AD956-170B-423C-9043-BAE3A6FFBBA1}.Debug|Any CPU.ActiveCfg = Debug|Any CPU
		{699AD956-170B-423C-9043-BAE3A6FFBBA1}.Debug|Any CPU.Build.0 = Debug|Any CPU
		{699AD956-170B-423C-9043-BAE3A6FFBBA1}.Debug|x64.ActiveCfg = Debug|Any CPU
		{699AD956-170B-423C-9043-BAE3A6FFBBA1}.Debug|x64.Build.0 = Debug|Any CPU
		{699AD956-170B-423C-9043-BAE3A6FFBBA1}.Debug|x86.ActiveCfg = Debug|Any CPU
		{699AD956-170B-423C-9043-BAE3A6FFBBA1}.Debug|x86.Build.0 = Debug|Any CPU
		{699AD956-170B-423C-9043-BAE3A6FFBBA1}.Release|Any CPU.ActiveCfg = Release|Any CPU
		{699AD956-170B-423C-9043-BAE3A6FFBBA1}.Release|Any CPU.Build.0 = Release|Any CPU
		{699AD956-170B-423C-9043-BAE3A6FFBBA1}.Release|x64.ActiveCfg = Release|Any CPU
		{699AD956-170B-423C-9043-BAE3A6FFBBA1}.Release|x64.Build.0 = Release|Any CPU
		{699AD956-170B-423C-9043-BAE3A6FFBBA1}.Release|x86.ActiveCfg = Release|Any CPU
		{699AD956-170B-423C-9043-BAE3A6FFBBA1}.Release|x86.Build.0 = Release|Any CPU
		{81FA8B77-54E3-486F-ABB4-C57255FC3382}.Debug|Any CPU.ActiveCfg = Debug|Any CPU
		{81FA8B77-54E3-486F-ABB4-C57255FC3382}.Debug|Any CPU.Build.0 = Debug|Any CPU
		{81FA8B77-54E3-486F-ABB4-C57255FC3382}.Debug|x64.ActiveCfg = Debug|Any CPU
		{81FA8B77-54E3-486F-ABB4-C57255FC3382}.Debug|x64.Build.0 = Debug|Any CPU
		{81FA8B77-54E3-486F-ABB4-C57255FC3382}.Debug|x86.ActiveCfg = Debug|Any CPU
		{81FA8B77-54E3-486F-ABB4-C57255FC3382}.Debug|x86.Build.0 = Debug|Any CPU
		{81FA8B77-54E3-486F-ABB4-C57255FC3382}.Release|Any CPU.ActiveCfg = Release|Any CPU
		{81FA8B77-54E3-486F-ABB4-C57255FC3382}.Release|Any CPU.Build.0 = Release|Any CPU
		{81FA8B77-54E3-486F-ABB4-C57255FC3382}.Release|x64.ActiveCfg = Release|Any CPU
		{81FA8B77-54E3-486F-ABB4-C57255FC3382}.Release|x64.Build.0 = Release|Any CPU
		{81FA8B77-54E3-486F-ABB4-C57255FC3382}.Release|x86.ActiveCfg = Release|Any CPU
		{81FA8B77-54E3-486F-ABB4-C57255FC3382}.Release|x86.Build.0 = Release|Any CPU
		{5124021F-0ECE-4812-A733-4DE0781C87A8}.Debug|Any CPU.ActiveCfg = Debug|Any CPU
		{5124021F-0ECE-4812-A733-4DE0781C87A8}.Debug|Any CPU.Build.0 = Debug|Any CPU
		{5124021F-0ECE-4812-A733-4DE0781C87A8}.Debug|x64.ActiveCfg = Debug|Any CPU
		{5124021F-0ECE-4812-A733-4DE0781C87A8}.Debug|x64.Build.0 = Debug|Any CPU
		{5124021F-0ECE-4812-A733-4DE0781C87A8}.Debug|x86.ActiveCfg = Debug|Any CPU
		{5124021F-0ECE-4812-A733-4DE0781C87A8}.Debug|x86.Build.0 = Debug|Any CPU
		{5124021F-0ECE-4812-A733-4DE0781C87A8}.Release|Any CPU.ActiveCfg = Release|Any CPU
		{5124021F-0ECE-4812-A733-4DE0781C87A8}.Release|Any CPU.Build.0 = Release|Any CPU
		{5124021F-0ECE-4812-A733-4DE0781C87A8}.Release|x64.ActiveCfg = Release|Any CPU
		{5124021F-0ECE-4812-A733-4DE0781C87A8}.Release|x64.Build.0 = Release|Any CPU
		{5124021F-0ECE-4812-A733-4DE0781C87A8}.Release|x86.ActiveCfg = Release|Any CPU
		{5124021F-0ECE-4812-A733-4DE0781C87A8}.Release|x86.Build.0 = Release|Any CPU
		{C9664856-D77C-4657-9AFB-C7F53C7142AD}.Debug|Any CPU.ActiveCfg = Debug|Any CPU
		{C9664856-D77C-4657-9AFB-C7F53C7142AD}.Debug|Any CPU.Build.0 = Debug|Any CPU
		{C9664856-D77C-4657-9AFB-C7F53C7142AD}.Debug|x64.ActiveCfg = Debug|Any CPU
		{C9664856-D77C-4657-9AFB-C7F53C7142AD}.Debug|x64.Build.0 = Debug|Any CPU
		{C9664856-D77C-4657-9AFB-C7F53C7142AD}.Debug|x86.ActiveCfg = Debug|Any CPU
		{C9664856-D77C-4657-9AFB-C7F53C7142AD}.Debug|x86.Build.0 = Debug|Any CPU
		{C9664856-D77C-4657-9AFB-C7F53C7142AD}.Release|Any CPU.ActiveCfg = Release|Any CPU
		{C9664856-D77C-4657-9AFB-C7F53C7142AD}.Release|Any CPU.Build.0 = Release|Any CPU
		{C9664856-D77C-4657-9AFB-C7F53C7142AD}.Release|x64.ActiveCfg = Release|Any CPU
		{C9664856-D77C-4657-9AFB-C7F53C7142AD}.Release|x64.Build.0 = Release|Any CPU
		{C9664856-D77C-4657-9AFB-C7F53C7142AD}.Release|x86.ActiveCfg = Release|Any CPU
		{C9664856-D77C-4657-9AFB-C7F53C7142AD}.Release|x86.Build.0 = Release|Any CPU
	EndGlobalSection
	GlobalSection(SolutionProperties) = preSolution
		HideSolutionNode = FALSE
	EndGlobalSection
	GlobalSection(NestedProjects) = preSolution
		{65BD506D-DC66-4CC1-B10A-6C8C27938FAB} = {25BA0F94-6A86-4C2A-A476-24F80369860E}
		{5DD31626-8FA1-41F7-B7D0-C02E90ACB5B5} = {25BA0F94-6A86-4C2A-A476-24F80369860E}
		{0A11150E-8EB7-4C86-99DD-6580E6B903B8} = {1543FBCA-7431-44FB-ACDC-93BD1AD6B545}
		{18D3E975-7E3A-45C7-A683-61559BFE236A} = {0A11150E-8EB7-4C86-99DD-6580E6B903B8}
		{5FA75070-9758-4747-A580-54B9B91F785C} = {1543FBCA-7431-44FB-ACDC-93BD1AD6B545}
		{FDE4FB4B-0254-4473-84FF-F9EFDF1331F4} = {1543FBCA-7431-44FB-ACDC-93BD1AD6B545}
		{3D3CAD0F-95CB-4AF3-8BC7-4479591167EC} = {5FA75070-9758-4747-A580-54B9B91F785C}
		{B9FB91EA-1D88-4B54-973A-E955B60E021E} = {5FA75070-9758-4747-A580-54B9B91F785C}
		{87F830D3-EB7E-46F1-AC40-EDA2C10F798D} = {5FA75070-9758-4747-A580-54B9B91F785C}
		{699AD956-170B-423C-9043-BAE3A6FFBBA1} = {FDE4FB4B-0254-4473-84FF-F9EFDF1331F4}
		{81FA8B77-54E3-486F-ABB4-C57255FC3382} = {FDE4FB4B-0254-4473-84FF-F9EFDF1331F4}
		{5124021F-0ECE-4812-A733-4DE0781C87A8} = {0A11150E-8EB7-4C86-99DD-6580E6B903B8}
		{C9664856-D77C-4657-9AFB-C7F53C7142AD} = {FDE4FB4B-0254-4473-84FF-F9EFDF1331F4}
	EndGlobalSection
	GlobalSection(ExtensibilityGlobals) = postSolution
		SolutionGuid = {9E61E35A-39DA-40C7-B26A-78B9EBCD4CBF}
	EndGlobalSection
EndGlobal
