
Microsoft Visual Studio Solution File, Format Version 12.00
# Visual Studio Version 17
VisualStudioVersion = 17.4.33205.214
MinimumVisualStudioVersion = 15.0.26124.0
Project("{2150E333-8FDC-42A3-9474-1A3956D46DE8}") = "src", "src", "{1543FBCA-7431-44FB-ACDC-93BD1AD6B545}"
EndProject
Project("{2150E333-8FDC-42A3-9474-1A3956D46DE8}") = "test", "test", "{25BA0F94-6A86-4C2A-A476-24F80369860E}"
EndProject
Project("{9A19103F-16F7-4668-BE54-9A1E7A4F7556}") = "ProductConfigurator.UnitTests", "test\ProductConfigurator.UnitTests\ProductConfigurator.UnitTests.csproj", "{65BD506D-DC66-4CC1-B10A-6C8C27938FAB}"
EndProject
Project("{9A19103F-16F7-4668-BE54-9A1E7A4F7556}") = "ProductConfigurator.Blazor", "src\ProductConfigurator.Blazor\ProductConfigurator.Blazor.csproj", "{6F9CB977-61BB-42B2-816C-2DE699356A23}"
EndProject
Project("{9A19103F-16F7-4668-BE54-9A1E7A4F7556}") = "ProductConfigurator.Host", "src\ProductConfigurator.Host\ProductConfigurator.Host.csproj", "{2D8BCF5C-31BB-4286-AFCE-BD8EC7CB2FB7}"
EndProject
Project("{9A19103F-16F7-4668-BE54-9A1E7A4F7556}") = "ProductConfigurator.FunctionalTests", "test\ProductConfigurator.FunctionalTests\ProductConfigurator.FunctionalTests.csproj", "{5DD31626-8FA1-41F7-B7D0-C02E90ACB5B5}"
EndProject
Project("{9A19103F-16F7-4668-BE54-9A1E7A4F7556}") = "ProductConfigurator.Shared", "src\ProductConfigurator.Shared\ProductConfigurator.Shared.csproj", "{D4540303-E9F1-44B0-9397-41CE5B4E4E8D}"
EndProject
Project("{9A19103F-16F7-4668-BE54-9A1E7A4F7556}") = "ProductConfigurator.Api", "src\ProductConfigurator.Api\ProductConfigurator.Api.csproj", "{7E69E5F0-57FC-4A8B-916C-0939DF1598FB}"
EndProject
Project("{9A19103F-16F7-4668-BE54-9A1E7A4F7556}") = "ProductConfigurator.Domain", "src\ProductConfigurator.Domain\ProductConfigurator.Domain.csproj", "{FEC821E3-52E9-4700-9E60-B26E546339C1}"
EndProject
Project("{2150E333-8FDC-42A3-9474-1A3956D46DE8}") = "build", "build", "{C4A9C6E2-0D6D-47F6-81FF-B194EA7C84BF}"
	ProjectSection(SolutionItems) = preProject
		build\dependencies.props = build\dependencies.props
	EndProjectSection
EndProject
Project("{2150E333-8FDC-42A3-9474-1A3956D46DE8}") = "_", "_", "{6369FA8E-79E5-4E1A-B359-31C548FC396B}"
	ProjectSection(SolutionItems) = preProject
		.editorconfig = .editorconfig
		.gitignore = .gitignore
		Directory.Build.props = Directory.Build.props
		Directory.Packages.props = Directory.Packages.props
		.config\dotnet-tools.json = .config\dotnet-tools.json
		global.json = global.json
		README.md = README.md
	EndProjectSection
EndProject
Project("{2150E333-8FDC-42A3-9474-1A3956D46DE8}") = "pipelines", "pipelines", "{FAA45DFE-6715-47F3-A2E0-DE2C9C84B9E4}"
	ProjectSection(SolutionItems) = preProject
		.github\workflows\ci-cd.yaml = .github\workflows\ci-cd.yaml
	EndProjectSection
EndProject
Global
	GlobalSection(SolutionConfigurationPlatforms) = preSolution
		Debug|Any CPU = Debug|Any CPU
		Debug|x64 = Debug|x64
		Debug|x86 = Debug|x86
		Release|Any CPU = Release|Any CPU
		Release|x64 = Release|x64
		Release|x86 = Release|x86
	EndGlobalSection
	GlobalSection(ProjectConfigurationPlatforms) = postSolution
		{65BD506D-DC66-4CC1-B10A-6C8C27938FAB}.Debug|Any CPU.ActiveCfg = Debug|Any CPU
		{65BD506D-DC66-4CC1-B10A-6C8C27938FAB}.Debug|Any CPU.Build.0 = Debug|Any CPU
		{65BD506D-DC66-4CC1-B10A-6C8C27938FAB}.Debug|x64.ActiveCfg = Debug|Any CPU
		{65BD506D-DC66-4CC1-B10A-6C8C27938FAB}.Debug|x64.Build.0 = Debug|Any CPU
		{65BD506D-DC66-4CC1-B10A-6C8C27938FAB}.Debug|x86.ActiveCfg = Debug|Any CPU
		{65BD506D-DC66-4CC1-B10A-6C8C27938FAB}.Debug|x86.Build.0 = Debug|Any CPU
		{65BD506D-DC66-4CC1-B10A-6C8C27938FAB}.Release|Any CPU.ActiveCfg = Release|Any CPU
		{65BD506D-DC66-4CC1-B10A-6C8C27938FAB}.Release|Any CPU.Build.0 = Release|Any CPU
		{65BD506D-DC66-4CC1-B10A-6C8C27938FAB}.Release|x64.ActiveCfg = Release|Any CPU
		{65BD506D-DC66-4CC1-B10A-6C8C27938FAB}.Release|x64.Build.0 = Release|Any CPU
		{65BD506D-DC66-4CC1-B10A-6C8C27938FAB}.Release|x86.ActiveCfg = Release|Any CPU
		{65BD506D-DC66-4CC1-B10A-6C8C27938FAB}.Release|x86.Build.0 = Release|Any CPU
		{6F9CB977-61BB-42B2-816C-2DE699356A23}.Debug|Any CPU.ActiveCfg = Debug|Any CPU
		{6F9CB977-61BB-42B2-816C-2DE699356A23}.Debug|Any CPU.Build.0 = Debug|Any CPU
		{6F9CB977-61BB-42B2-816C-2DE699356A23}.Debug|x64.ActiveCfg = Debug|Any CPU
		{6F9CB977-61BB-42B2-816C-2DE699356A23}.Debug|x64.Build.0 = Debug|Any CPU
		{6F9CB977-61BB-42B2-816C-2DE699356A23}.Debug|x86.ActiveCfg = Debug|Any CPU
		{6F9CB977-61BB-42B2-816C-2DE699356A23}.Debug|x86.Build.0 = Debug|Any CPU
		{6F9CB977-61BB-42B2-816C-2DE699356A23}.Release|Any CPU.ActiveCfg = Release|Any CPU
		{6F9CB977-61BB-42B2-816C-2DE699356A23}.Release|Any CPU.Build.0 = Release|Any CPU
		{6F9CB977-61BB-42B2-816C-2DE699356A23}.Release|x64.ActiveCfg = Release|Any CPU
		{6F9CB977-61BB-42B2-816C-2DE699356A23}.Release|x64.Build.0 = Release|Any CPU
		{6F9CB977-61BB-42B2-816C-2DE699356A23}.Release|x86.ActiveCfg = Release|Any CPU
		{6F9CB977-61BB-42B2-816C-2DE699356A23}.Release|x86.Build.0 = Release|Any CPU
		{2D8BCF5C-31BB-4286-AFCE-BD8EC7CB2FB7}.Debug|Any CPU.ActiveCfg = Debug|Any CPU
		{2D8BCF5C-31BB-4286-AFCE-BD8EC7CB2FB7}.Debug|Any CPU.Build.0 = Debug|Any CPU
		{2D8BCF5C-31BB-4286-AFCE-BD8EC7CB2FB7}.Debug|x64.ActiveCfg = Debug|Any CPU
		{2D8BCF5C-31BB-4286-AFCE-BD8EC7CB2FB7}.Debug|x64.Build.0 = Debug|Any CPU
		{2D8BCF5C-31BB-4286-AFCE-BD8EC7CB2FB7}.Debug|x86.ActiveCfg = Debug|Any CPU
		{2D8BCF5C-31BB-4286-AFCE-BD8EC7CB2FB7}.Debug|x86.Build.0 = Debug|Any CPU
		{2D8BCF5C-31BB-4286-AFCE-BD8EC7CB2FB7}.Release|Any CPU.ActiveCfg = Release|Any CPU
		{2D8BCF5C-31BB-4286-AFCE-BD8EC7CB2FB7}.Release|Any CPU.Build.0 = Release|Any CPU
		{2D8BCF5C-31BB-4286-AFCE-BD8EC7CB2FB7}.Release|x64.ActiveCfg = Release|Any CPU
		{2D8BCF5C-31BB-4286-AFCE-BD8EC7CB2FB7}.Release|x64.Build.0 = Release|Any CPU
		{2D8BCF5C-31BB-4286-AFCE-BD8EC7CB2FB7}.Release|x86.ActiveCfg = Release|Any CPU
		{2D8BCF5C-31BB-4286-AFCE-BD8EC7CB2FB7}.Release|x86.Build.0 = Release|Any CPU
		{5DD31626-8FA1-41F7-B7D0-C02E90ACB5B5}.Debug|Any CPU.ActiveCfg = Debug|Any CPU
		{5DD31626-8FA1-41F7-B7D0-C02E90ACB5B5}.Debug|Any CPU.Build.0 = Debug|Any CPU
		{5DD31626-8FA1-41F7-B7D0-C02E90ACB5B5}.Debug|x64.ActiveCfg = Debug|Any CPU
		{5DD31626-8FA1-41F7-B7D0-C02E90ACB5B5}.Debug|x64.Build.0 = Debug|Any CPU
		{5DD31626-8FA1-41F7-B7D0-C02E90ACB5B5}.Debug|x86.ActiveCfg = Debug|Any CPU
		{5DD31626-8FA1-41F7-B7D0-C02E90ACB5B5}.Debug|x86.Build.0 = Debug|Any CPU
		{5DD31626-8FA1-41F7-B7D0-C02E90ACB5B5}.Release|Any CPU.ActiveCfg = Release|Any CPU
		{5DD31626-8FA1-41F7-B7D0-C02E90ACB5B5}.Release|Any CPU.Build.0 = Release|Any CPU
		{5DD31626-8FA1-41F7-B7D0-C02E90ACB5B5}.Release|x64.ActiveCfg = Release|Any CPU
		{5DD31626-8FA1-41F7-B7D0-C02E90ACB5B5}.Release|x64.Build.0 = Release|Any CPU
		{5DD31626-8FA1-41F7-B7D0-C02E90ACB5B5}.Release|x86.ActiveCfg = Release|Any CPU
		{5DD31626-8FA1-41F7-B7D0-C02E90ACB5B5}.Release|x86.Build.0 = Release|Any CPU
		{D4540303-E9F1-44B0-9397-41CE5B4E4E8D}.Debug|Any CPU.ActiveCfg = Debug|Any CPU
		{D4540303-E9F1-44B0-9397-41CE5B4E4E8D}.Debug|Any CPU.Build.0 = Debug|Any CPU
		{D4540303-E9F1-44B0-9397-41CE5B4E4E8D}.Debug|x64.ActiveCfg = Debug|Any CPU
		{D4540303-E9F1-44B0-9397-41CE5B4E4E8D}.Debug|x64.Build.0 = Debug|Any CPU
		{D4540303-E9F1-44B0-9397-41CE5B4E4E8D}.Debug|x86.ActiveCfg = Debug|Any CPU
		{D4540303-E9F1-44B0-9397-41CE5B4E4E8D}.Debug|x86.Build.0 = Debug|Any CPU
		{D4540303-E9F1-44B0-9397-41CE5B4E4E8D}.Release|Any CPU.ActiveCfg = Release|Any CPU
		{D4540303-E9F1-44B0-9397-41CE5B4E4E8D}.Release|Any CPU.Build.0 = Release|Any CPU
		{D4540303-E9F1-44B0-9397-41CE5B4E4E8D}.Release|x64.ActiveCfg = Release|Any CPU
		{D4540303-E9F1-44B0-9397-41CE5B4E4E8D}.Release|x64.Build.0 = Release|Any CPU
		{D4540303-E9F1-44B0-9397-41CE5B4E4E8D}.Release|x86.ActiveCfg = Release|Any CPU
		{D4540303-E9F1-44B0-9397-41CE5B4E4E8D}.Release|x86.Build.0 = Release|Any CPU
		{7E69E5F0-57FC-4A8B-916C-0939DF1598FB}.Debug|Any CPU.ActiveCfg = Debug|Any CPU
		{7E69E5F0-57FC-4A8B-916C-0939DF1598FB}.Debug|Any CPU.Build.0 = Debug|Any CPU
		{7E69E5F0-57FC-4A8B-916C-0939DF1598FB}.Debug|x64.ActiveCfg = Debug|Any CPU
		{7E69E5F0-57FC-4A8B-916C-0939DF1598FB}.Debug|x64.Build.0 = Debug|Any CPU
		{7E69E5F0-57FC-4A8B-916C-0939DF1598FB}.Debug|x86.ActiveCfg = Debug|Any CPU
		{7E69E5F0-57FC-4A8B-916C-0939DF1598FB}.Debug|x86.Build.0 = Debug|Any CPU
		{7E69E5F0-57FC-4A8B-916C-0939DF1598FB}.Release|Any CPU.ActiveCfg = Release|Any CPU
		{7E69E5F0-57FC-4A8B-916C-0939DF1598FB}.Release|Any CPU.Build.0 = Release|Any CPU
		{7E69E5F0-57FC-4A8B-916C-0939DF1598FB}.Release|x64.ActiveCfg = Release|Any CPU
		{7E69E5F0-57FC-4A8B-916C-0939DF1598FB}.Release|x64.Build.0 = Release|Any CPU
		{7E69E5F0-57FC-4A8B-916C-0939DF1598FB}.Release|x86.ActiveCfg = Release|Any CPU
		{7E69E5F0-57FC-4A8B-916C-0939DF1598FB}.Release|x86.Build.0 = Release|Any CPU
		{FEC821E3-52E9-4700-9E60-B26E546339C1}.Debug|Any CPU.ActiveCfg = Debug|Any CPU
		{FEC821E3-52E9-4700-9E60-B26E546339C1}.Debug|Any CPU.Build.0 = Debug|Any CPU
		{FEC821E3-52E9-4700-9E60-B26E546339C1}.Debug|x64.ActiveCfg = Debug|Any CPU
		{FEC821E3-52E9-4700-9E60-B26E546339C1}.Debug|x64.Build.0 = Debug|Any CPU
		{FEC821E3-52E9-4700-9E60-B26E546339C1}.Debug|x86.ActiveCfg = Debug|Any CPU
		{FEC821E3-52E9-4700-9E60-B26E546339C1}.Debug|x86.Build.0 = Debug|Any CPU
		{FEC821E3-52E9-4700-9E60-B26E546339C1}.Release|Any CPU.ActiveCfg = Release|Any CPU
		{FEC821E3-52E9-4700-9E60-B26E546339C1}.Release|Any CPU.Build.0 = Release|Any CPU
		{FEC821E3-52E9-4700-9E60-B26E546339C1}.Release|x64.ActiveCfg = Release|Any CPU
		{FEC821E3-52E9-4700-9E60-B26E546339C1}.Release|x64.Build.0 = Release|Any CPU
		{FEC821E3-52E9-4700-9E60-B26E546339C1}.Release|x86.ActiveCfg = Release|Any CPU
		{FEC821E3-52E9-4700-9E60-B26E546339C1}.Release|x86.Build.0 = Release|Any CPU
	EndGlobalSection
	GlobalSection(SolutionProperties) = preSolution
		HideSolutionNode = FALSE
	EndGlobalSection
	GlobalSection(NestedProjects) = preSolution
		{65BD506D-DC66-4CC1-B10A-6C8C27938FAB} = {25BA0F94-6A86-4C2A-A476-24F80369860E}
		{6F9CB977-61BB-42B2-816C-2DE699356A23} = {1543FBCA-7431-44FB-ACDC-93BD1AD6B545}
		{2D8BCF5C-31BB-4286-AFCE-BD8EC7CB2FB7} = {1543FBCA-7431-44FB-ACDC-93BD1AD6B545}
		{5DD31626-8FA1-41F7-B7D0-C02E90ACB5B5} = {25BA0F94-6A86-4C2A-A476-24F80369860E}
		{D4540303-E9F1-44B0-9397-41CE5B4E4E8D} = {1543FBCA-7431-44FB-ACDC-93BD1AD6B545}
		{7E69E5F0-57FC-4A8B-916C-0939DF1598FB} = {1543FBCA-7431-44FB-ACDC-93BD1AD6B545}
		{FEC821E3-52E9-4700-9E60-B26E546339C1} = {1543FBCA-7431-44FB-ACDC-93BD1AD6B545}
	EndGlobalSection
	GlobalSection(ExtensibilityGlobals) = postSolution
		SolutionGuid = {9E61E35A-39DA-40C7-B26A-78B9EBCD4CBF}
	EndGlobalSection
EndGlobal
